
Microsoft Visual Studio Solution File, Format Version 12.00
# Visual Studio Version 16
VisualStudioVersion = 16.0.32126.315
MinimumVisualStudioVersion = 10.0.40219.1
Project("{FAE04EC0-301F-11D3-BF4B-00C04F79EFBC}") = "Sudoku", "Sudoku\Sudoku.csproj", "{60BA2286-CA28-465B-922F-26BE8CF49309}"
EndProject
Global
	GlobalSection(SolutionConfigurationPlatforms) = preSolution
		Debug|Any CPU = Debug|Any CPU
		Release|Any CPU = Release|Any CPU
	EndGlobalSection
	GlobalSection(ProjectConfigurationPlatforms) = postSolution
		{60BA2286-CA28-465B-922F-26BE8CF49309}.Debug|Any CPU.ActiveCfg = Debug|Any CPU
		{60BA2286-CA28-465B-922F-26BE8CF49309}.Debug|Any CPU.Build.0 = Debug|Any CPU
		{60BA2286-CA28-465B-922F-26BE8CF49309}.Release|Any CPU.ActiveCfg = Release|Any CPU
		{60BA2286-CA28-465B-922F-26BE8CF49309}.Release|Any CPU.Build.0 = Release|Any CPU
	EndGlobalSection
	GlobalSection(SolutionProperties) = preSolution
		HideSolutionNode = FALSE
	EndGlobalSection
	GlobalSection(ExtensibilityGlobals) = postSolution
		SolutionGuid = {A09F4B84-2E90-4293-B99A-8E38BE2FF8F6}
	EndGlobalSection
EndGlobal
